
Microsoft Visual Studio Solution File, Format Version 12.00
# Visual Studio Version 17
VisualStudioVersion = 17.5.33516.290
MinimumVisualStudioVersion = 10.0.40219.1
Project("{FAE04EC0-301F-11D3-BF4B-00C04F79EFBC}") = "RulesEngineDesignPattern", "RulesEngineDesignPattern\RulesEngineDesignPattern.csproj", "{2F8CC8EC-6B0C-4722-AB99-F9F785F3D472}"
EndProject
Project("{FAE04EC0-301F-11D3-BF4B-00C04F79EFBC}") = "RulesEngineDesignPattern.Tests", "RulesEngineDesignPattern.Tests\RulesEngineDesignPattern.Tests.csproj", "{0A62B94B-B5EE-4339-8DF5-1AF3053CA871}"
EndProject
Global
	GlobalSection(SolutionConfigurationPlatforms) = preSolution
		Debug|Any CPU = Debug|Any CPU
		Release|Any CPU = Release|Any CPU
	EndGlobalSection
	GlobalSection(ProjectConfigurationPlatforms) = postSolution
		{2F8CC8EC-6B0C-4722-AB99-F9F785F3D472}.Debug|Any CPU.ActiveCfg = Debug|Any CPU
		{2F8CC8EC-6B0C-4722-AB99-F9F785F3D472}.Debug|Any CPU.Build.0 = Debug|Any CPU
		{2F8CC8EC-6B0C-4722-AB99-F9F785F3D472}.Release|Any CPU.ActiveCfg = Release|Any CPU
		{2F8CC8EC-6B0C-4722-AB99-F9F785F3D472}.Release|Any CPU.Build.0 = Release|Any CPU
		{0A62B94B-B5EE-4339-8DF5-1AF3053CA871}.Debug|Any CPU.ActiveCfg = Debug|Any CPU
		{0A62B94B-B5EE-4339-8DF5-1AF3053CA871}.Debug|Any CPU.Build.0 = Debug|Any CPU
		{0A62B94B-B5EE-4339-8DF5-1AF3053CA871}.Release|Any CPU.ActiveCfg = Release|Any CPU
		{0A62B94B-B5EE-4339-8DF5-1AF3053CA871}.Release|Any CPU.Build.0 = Release|Any CPU
	EndGlobalSection
	GlobalSection(SolutionProperties) = preSolution
		HideSolutionNode = FALSE
	EndGlobalSection
	GlobalSection(ExtensibilityGlobals) = postSolution
		SolutionGuid = {46FCE7F4-43AA-453A-B632-0EE35A4E17E6}
	EndGlobalSection
EndGlobal
